// !$*UTF8*$!
{
	archiveVersion = 1;
	classes = {
	};
	objectVersion = 46;
	objects = {

/* Begin PBXBuildFile section */
		6628E5281DF07836006C7213 /* AppDelegate.swift in Sources */ = {isa = PBXBuildFile; fileRef = 6628E5271DF07836006C7213 /* AppDelegate.swift */; };
		6628E52D1DF07836006C7213 /* Main.storyboard in Resources */ = {isa = PBXBuildFile; fileRef = 6628E52B1DF07836006C7213 /* Main.storyboard */; };
		6628E52F1DF07836006C7213 /* Assets.xcassets in Resources */ = {isa = PBXBuildFile; fileRef = 6628E52E1DF07836006C7213 /* Assets.xcassets */; };
		6628E5321DF07836006C7213 /* LaunchScreen.storyboard in Resources */ = {isa = PBXBuildFile; fileRef = 6628E5301DF07836006C7213 /* LaunchScreen.storyboard */; };
		6628E53B1DF08047006C7213 /* SK_Acceso_ViewController.swift in Sources */ = {isa = PBXBuildFile; fileRef = 6628E53A1DF08047006C7213 /* SK_Acceso_ViewController.swift */; };
		6628E5461DF083E8006C7213 /* AudioToolbox.framework in Frameworks */ = {isa = PBXBuildFile; fileRef = 6628E53E1DF083E8006C7213 /* AudioToolbox.framework */; };
		6628E5471DF083E8006C7213 /* CFNetwork.framework in Frameworks */ = {isa = PBXBuildFile; fileRef = 6628E53F1DF083E8006C7213 /* CFNetwork.framework */; };
		6628E5481DF083E8006C7213 /* CoreGraphics.framework in Frameworks */ = {isa = PBXBuildFile; fileRef = 6628E5401DF083E8006C7213 /* CoreGraphics.framework */; };
		6628E5491DF083E8006C7213 /* CoreLocation.framework in Frameworks */ = {isa = PBXBuildFile; fileRef = 6628E5411DF083E8006C7213 /* CoreLocation.framework */; };
		6628E54A1DF083E8006C7213 /* QuartzCore.framework in Frameworks */ = {isa = PBXBuildFile; fileRef = 6628E5421DF083E8006C7213 /* QuartzCore.framework */; };
		6628E54B1DF083E8006C7213 /* Security.framework in Frameworks */ = {isa = PBXBuildFile; fileRef = 6628E5431DF083E8006C7213 /* Security.framework */; };
		6628E54C1DF083E8006C7213 /* StoreKit.framework in Frameworks */ = {isa = PBXBuildFile; fileRef = 6628E5441DF083E8006C7213 /* StoreKit.framework */; };
		6628E54D1DF083E8006C7213 /* SystemConfiguration.framework in Frameworks */ = {isa = PBXBuildFile; fileRef = 6628E5451DF083E8006C7213 /* SystemConfiguration.framework */; };
		6628E54F1DF083F5006C7213 /* GLKit.framework in Frameworks */ = {isa = PBXBuildFile; fileRef = 6628E54E1DF083F5006C7213 /* GLKit.framework */; };
		6628E5511DF08407006C7213 /* libsqlite3.tbd in Frameworks */ = {isa = PBXBuildFile; fileRef = 6628E5501DF08407006C7213 /* libsqlite3.tbd */; };
		6628E5531DF08410006C7213 /* libz.tbd in Frameworks */ = {isa = PBXBuildFile; fileRef = 6628E5521DF08410006C7213 /* libz.tbd */; };
		6628E55A1DF08427006C7213 /* Bolts.framework in Frameworks */ = {isa = PBXBuildFile; fileRef = 6628E5541DF08427006C7213 /* Bolts.framework */; };
		6628E55B1DF08427006C7213 /* Parse.framework in Frameworks */ = {isa = PBXBuildFile; fileRef = 6628E5551DF08427006C7213 /* Parse.framework */; };
		6628E55C1DF08427006C7213 /* ParseFacebookUtils.framework in Frameworks */ = {isa = PBXBuildFile; fileRef = 6628E5561DF08427006C7213 /* ParseFacebookUtils.framework */; };
		6628E55D1DF08427006C7213 /* ParseFacebookUtilsV4.framework in Frameworks */ = {isa = PBXBuildFile; fileRef = 6628E5571DF08427006C7213 /* ParseFacebookUtilsV4.framework */; };
		6628E55E1DF08427006C7213 /* ParseTwitterUtils.framework in Frameworks */ = {isa = PBXBuildFile; fileRef = 6628E5581DF08427006C7213 /* ParseTwitterUtils.framework */; };
		6628E55F1DF08427006C7213 /* ParseUI.framework in Frameworks */ = {isa = PBXBuildFile; fileRef = 6628E5591DF08427006C7213 /* ParseUI.framework */; };
		6628E5641DF0865F006C7213 /* SK_Utilidades.swift in Sources */ = {isa = PBXBuildFile; fileRef = 6628E5631DF0865F006C7213 /* SK_Utilidades.swift */; };
		6682AE241DF597F500C20582 /* SK_Yo_ViewController.swift in Sources */ = {isa = PBXBuildFile; fileRef = 6682AE231DF597F500C20582 /* SK_Yo_ViewController.swift */; };
		6682AE281DF5B36900C20582 /* SK_Yo_Editar_ViewController.swift in Sources */ = {isa = PBXBuildFile; fileRef = 6682AE271DF5B36900C20582 /* SK_Yo_Editar_ViewController.swift */; };
		6682AE2B1DF5BC8B00C20582 /* SK_Yo_Editar_Ubicacion_ViewController.swift in Sources */ = {isa = PBXBuildFile; fileRef = 6682AE2A1DF5BC8B00C20582 /* SK_Yo_Editar_Ubicacion_ViewController.swift */; };
		6682AE2D1DF5BEF800C20582 /* SK_Yo_Editar_SearchLocationTableViewController.swift in Sources */ = {isa = PBXBuildFile; fileRef = 6682AE2C1DF5BEF800C20582 /* SK_Yo_Editar_SearchLocationTableViewController.swift */; };
		6682AE2F1DF80B9E00C20582 /* SK_Captacion_ViewController.swift in Sources */ = {isa = PBXBuildFile; fileRef = 6682AE2E1DF80B9E00C20582 /* SK_Captacion_ViewController.swift */; };
		6682AE321DF80F5300C20582 /* SK_Captacion_AddClient_ViewController.swift in Sources */ = {isa = PBXBuildFile; fileRef = 6682AE311DF80F5300C20582 /* SK_Captacion_AddClient_ViewController.swift */; };
		66AA0B341DF18D6200C4F7C2 /* SK_Registro_ViewController.swift in Sources */ = {isa = PBXBuildFile; fileRef = 66AA0B331DF18D6200C4F7C2 /* SK_Registro_ViewController.swift */; };
/* End PBXBuildFile section */

/* Begin PBXFileReference section */
		6628E5241DF07836006C7213 /* Seeker.app */ = {isa = PBXFileReference; explicitFileType = wrapper.application; includeInIndex = 0; path = Seeker.app; sourceTree = BUILT_PRODUCTS_DIR; };
		6628E5271DF07836006C7213 /* AppDelegate.swift */ = {isa = PBXFileReference; lastKnownFileType = sourcecode.swift; path = AppDelegate.swift; sourceTree = "<group>"; };
		6628E52C1DF07836006C7213 /* Base */ = {isa = PBXFileReference; lastKnownFileType = file.storyboard; name = Base; path = Base.lproj/Main.storyboard; sourceTree = "<group>"; };
		6628E52E1DF07836006C7213 /* Assets.xcassets */ = {isa = PBXFileReference; lastKnownFileType = folder.assetcatalog; path = Assets.xcassets; sourceTree = "<group>"; };
		6628E5311DF07836006C7213 /* Base */ = {isa = PBXFileReference; lastKnownFileType = file.storyboard; name = Base; path = Base.lproj/LaunchScreen.storyboard; sourceTree = "<group>"; };
		6628E5331DF07836006C7213 /* Info.plist */ = {isa = PBXFileReference; lastKnownFileType = text.plist.xml; path = Info.plist; sourceTree = "<group>"; };
		6628E53A1DF08047006C7213 /* SK_Acceso_ViewController.swift */ = {isa = PBXFileReference; fileEncoding = 4; lastKnownFileType = sourcecode.swift; path = SK_Acceso_ViewController.swift; sourceTree = "<group>"; };
		6628E53E1DF083E8006C7213 /* AudioToolbox.framework */ = {isa = PBXFileReference; lastKnownFileType = wrapper.framework; name = AudioToolbox.framework; path = System/Library/Frameworks/AudioToolbox.framework; sourceTree = SDKROOT; };
		6628E53F1DF083E8006C7213 /* CFNetwork.framework */ = {isa = PBXFileReference; lastKnownFileType = wrapper.framework; name = CFNetwork.framework; path = System/Library/Frameworks/CFNetwork.framework; sourceTree = SDKROOT; };
		6628E5401DF083E8006C7213 /* CoreGraphics.framework */ = {isa = PBXFileReference; lastKnownFileType = wrapper.framework; name = CoreGraphics.framework; path = System/Library/Frameworks/CoreGraphics.framework; sourceTree = SDKROOT; };
		6628E5411DF083E8006C7213 /* CoreLocation.framework */ = {isa = PBXFileReference; lastKnownFileType = wrapper.framework; name = CoreLocation.framework; path = System/Library/Frameworks/CoreLocation.framework; sourceTree = SDKROOT; };
		6628E5421DF083E8006C7213 /* QuartzCore.framework */ = {isa = PBXFileReference; lastKnownFileType = wrapper.framework; name = QuartzCore.framework; path = System/Library/Frameworks/QuartzCore.framework; sourceTree = SDKROOT; };
		6628E5431DF083E8006C7213 /* Security.framework */ = {isa = PBXFileReference; lastKnownFileType = wrapper.framework; name = Security.framework; path = System/Library/Frameworks/Security.framework; sourceTree = SDKROOT; };
		6628E5441DF083E8006C7213 /* StoreKit.framework */ = {isa = PBXFileReference; lastKnownFileType = wrapper.framework; name = StoreKit.framework; path = System/Library/Frameworks/StoreKit.framework; sourceTree = SDKROOT; };
		6628E5451DF083E8006C7213 /* SystemConfiguration.framework */ = {isa = PBXFileReference; lastKnownFileType = wrapper.framework; name = SystemConfiguration.framework; path = System/Library/Frameworks/SystemConfiguration.framework; sourceTree = SDKROOT; };
		6628E54E1DF083F5006C7213 /* GLKit.framework */ = {isa = PBXFileReference; lastKnownFileType = wrapper.framework; name = GLKit.framework; path = System/Library/Frameworks/GLKit.framework; sourceTree = SDKROOT; };
		6628E5501DF08407006C7213 /* libsqlite3.tbd */ = {isa = PBXFileReference; lastKnownFileType = "sourcecode.text-based-dylib-definition"; name = libsqlite3.tbd; path = usr/lib/libsqlite3.tbd; sourceTree = SDKROOT; };
		6628E5521DF08410006C7213 /* libz.tbd */ = {isa = PBXFileReference; lastKnownFileType = "sourcecode.text-based-dylib-definition"; name = libz.tbd; path = usr/lib/libz.tbd; sourceTree = SDKROOT; };
		6628E5541DF08427006C7213 /* Bolts.framework */ = {isa = PBXFileReference; lastKnownFileType = wrapper.framework; path = Bolts.framework; sourceTree = "<group>"; };
		6628E5551DF08427006C7213 /* Parse.framework */ = {isa = PBXFileReference; lastKnownFileType = wrapper.framework; path = Parse.framework; sourceTree = "<group>"; };
		6628E5561DF08427006C7213 /* ParseFacebookUtils.framework */ = {isa = PBXFileReference; lastKnownFileType = wrapper.framework; path = ParseFacebookUtils.framework; sourceTree = "<group>"; };
		6628E5571DF08427006C7213 /* ParseFacebookUtilsV4.framework */ = {isa = PBXFileReference; lastKnownFileType = wrapper.framework; path = ParseFacebookUtilsV4.framework; sourceTree = "<group>"; };
		6628E5581DF08427006C7213 /* ParseTwitterUtils.framework */ = {isa = PBXFileReference; lastKnownFileType = wrapper.framework; path = ParseTwitterUtils.framework; sourceTree = "<group>"; };
		6628E5591DF08427006C7213 /* ParseUI.framework */ = {isa = PBXFileReference; lastKnownFileType = wrapper.framework; path = ParseUI.framework; sourceTree = "<group>"; };
		6628E5631DF0865F006C7213 /* SK_Utilidades.swift */ = {isa = PBXFileReference; fileEncoding = 4; lastKnownFileType = sourcecode.swift; path = SK_Utilidades.swift; sourceTree = "<group>"; };
		6682AE231DF597F500C20582 /* SK_Yo_ViewController.swift */ = {isa = PBXFileReference; fileEncoding = 4; lastKnownFileType = sourcecode.swift; path = SK_Yo_ViewController.swift; sourceTree = "<group>"; };
		6682AE271DF5B36900C20582 /* SK_Yo_Editar_ViewController.swift */ = {isa = PBXFileReference; fileEncoding = 4; lastKnownFileType = sourcecode.swift; path = SK_Yo_Editar_ViewController.swift; sourceTree = "<group>"; };
		6682AE2A1DF5BC8B00C20582 /* SK_Yo_Editar_Ubicacion_ViewController.swift */ = {isa = PBXFileReference; fileEncoding = 4; lastKnownFileType = sourcecode.swift; path = SK_Yo_Editar_Ubicacion_ViewController.swift; sourceTree = "<group>"; };
		6682AE2C1DF5BEF800C20582 /* SK_Yo_Editar_SearchLocationTableViewController.swift */ = {isa = PBXFileReference; fileEncoding = 4; lastKnownFileType = sourcecode.swift; path = SK_Yo_Editar_SearchLocationTableViewController.swift; sourceTree = "<group>"; };
		6682AE2E1DF80B9E00C20582 /* SK_Captacion_ViewController.swift */ = {isa = PBXFileReference; fileEncoding = 4; lastKnownFileType = sourcecode.swift; path = SK_Captacion_ViewController.swift; sourceTree = "<group>"; };
		6682AE311DF80F5300C20582 /* SK_Captacion_AddClient_ViewController.swift */ = {isa = PBXFileReference; fileEncoding = 4; lastKnownFileType = sourcecode.swift; path = SK_Captacion_AddClient_ViewController.swift; sourceTree = "<group>"; };
		66AA0B331DF18D6200C4F7C2 /* SK_Registro_ViewController.swift */ = {isa = PBXFileReference; fileEncoding = 4; lastKnownFileType = sourcecode.swift; path = SK_Registro_ViewController.swift; sourceTree = "<group>"; };
/* End PBXFileReference section */

/* Begin PBXFrameworksBuildPhase section */
		6628E5211DF07836006C7213 /* Frameworks */ = {
			isa = PBXFrameworksBuildPhase;
			buildActionMask = 2147483647;
			files = (
				6628E55C1DF08427006C7213 /* ParseFacebookUtils.framework in Frameworks */,
				6628E5531DF08410006C7213 /* libz.tbd in Frameworks */,
				6628E5511DF08407006C7213 /* libsqlite3.tbd in Frameworks */,
				6628E54F1DF083F5006C7213 /* GLKit.framework in Frameworks */,
				6628E55A1DF08427006C7213 /* Bolts.framework in Frameworks */,
				6628E5461DF083E8006C7213 /* AudioToolbox.framework in Frameworks */,
				6628E55E1DF08427006C7213 /* ParseTwitterUtils.framework in Frameworks */,
				6628E5471DF083E8006C7213 /* CFNetwork.framework in Frameworks */,
				6628E55B1DF08427006C7213 /* Parse.framework in Frameworks */,
				6628E55F1DF08427006C7213 /* ParseUI.framework in Frameworks */,
				6628E5481DF083E8006C7213 /* CoreGraphics.framework in Frameworks */,
				6628E5491DF083E8006C7213 /* CoreLocation.framework in Frameworks */,
				6628E54A1DF083E8006C7213 /* QuartzCore.framework in Frameworks */,
				6628E54B1DF083E8006C7213 /* Security.framework in Frameworks */,
				6628E54C1DF083E8006C7213 /* StoreKit.framework in Frameworks */,
				6628E54D1DF083E8006C7213 /* SystemConfiguration.framework in Frameworks */,
				6628E55D1DF08427006C7213 /* ParseFacebookUtilsV4.framework in Frameworks */,
			);
			runOnlyForDeploymentPostprocessing = 0;
		};
/* End PBXFrameworksBuildPhase section */

/* Begin PBXGroup section */
		6628E51B1DF07836006C7213 = {
			isa = PBXGroup;
			children = (
				6628E5261DF07836006C7213 /* Seeker */,
				6628E5251DF07836006C7213 /* Products */,
				6628E53D1DF083E8006C7213 /* FRAMEWORKS */,
			);
			sourceTree = "<group>";
		};
		6628E5251DF07836006C7213 /* Products */ = {
			isa = PBXGroup;
			children = (
				6628E5241DF07836006C7213 /* Seeker.app */,
			);
			name = Products;
			sourceTree = "<group>";
		};
		6628E5261DF07836006C7213 /* Seeker */ = {
			isa = PBXGroup;
			children = (
				6628E5391DF07994006C7213 /* OTROS */,
				6628E5651DF08663006C7213 /* UTILIDADES */,
				6628E53C1DF08085006C7213 /* ACCESO/REGISTRO */,
				6682AE261DF5980700C20582 /* TABAR */,
				6628E52B1DF07836006C7213 /* Main.storyboard */,
			);
			path = Seeker;
			sourceTree = "<group>";
		};
		6628E5391DF07994006C7213 /* OTROS */ = {
			isa = PBXGroup;
			children = (
				6628E5271DF07836006C7213 /* AppDelegate.swift */,
				6628E52E1DF07836006C7213 /* Assets.xcassets */,
				6628E5301DF07836006C7213 /* LaunchScreen.storyboard */,
				6628E5331DF07836006C7213 /* Info.plist */,
			);
			name = OTROS;
			sourceTree = "<group>";
		};
		6628E53C1DF08085006C7213 /* ACCESO/REGISTRO */ = {
			isa = PBXGroup;
			children = (
				6628E5621DF084A5006C7213 /* Acceso */,
				66AA0B351DF18EC200C4F7C2 /* Registro */,
			);
			name = ACCESO/REGISTRO;
			sourceTree = "<group>";
		};
		6628E53D1DF083E8006C7213 /* FRAMEWORKS */ = {
			isa = PBXGroup;
			children = (
				6628E5601DF08434006C7213 /* Parse */,
				6628E5611DF08440006C7213 /* System */,
			);
			name = FRAMEWORKS;
			sourceTree = "<group>";
		};
		6628E5601DF08434006C7213 /* Parse */ = {
			isa = PBXGroup;
			children = (
				6628E5541DF08427006C7213 /* Bolts.framework */,
				6628E5551DF08427006C7213 /* Parse.framework */,
				6628E5561DF08427006C7213 /* ParseFacebookUtils.framework */,
				6628E5571DF08427006C7213 /* ParseFacebookUtilsV4.framework */,
				6628E5581DF08427006C7213 /* ParseTwitterUtils.framework */,
				6628E5591DF08427006C7213 /* ParseUI.framework */,
			);
			name = Parse;
			sourceTree = "<group>";
		};
		6628E5611DF08440006C7213 /* System */ = {
			isa = PBXGroup;
			children = (
				6628E5521DF08410006C7213 /* libz.tbd */,
				6628E5501DF08407006C7213 /* libsqlite3.tbd */,
				6628E54E1DF083F5006C7213 /* GLKit.framework */,
				6628E53E1DF083E8006C7213 /* AudioToolbox.framework */,
				6628E53F1DF083E8006C7213 /* CFNetwork.framework */,
				6628E5401DF083E8006C7213 /* CoreGraphics.framework */,
				6628E5411DF083E8006C7213 /* CoreLocation.framework */,
				6628E5421DF083E8006C7213 /* QuartzCore.framework */,
				6628E5431DF083E8006C7213 /* Security.framework */,
				6628E5441DF083E8006C7213 /* StoreKit.framework */,
				6628E5451DF083E8006C7213 /* SystemConfiguration.framework */,
			);
			name = System;
			sourceTree = "<group>";
		};
		6628E5621DF084A5006C7213 /* Acceso */ = {
			isa = PBXGroup;
			children = (
				6628E53A1DF08047006C7213 /* SK_Acceso_ViewController.swift */,
			);
			name = Acceso;
			sourceTree = "<group>";
		};
		6628E5651DF08663006C7213 /* UTILIDADES */ = {
			isa = PBXGroup;
			children = (
				6628E5631DF0865F006C7213 /* SK_Utilidades.swift */,
			);
			name = UTILIDADES;
			sourceTree = "<group>";
		};
		6682AE251DF597FA00C20582 /* Yo */ = {
			isa = PBXGroup;
			children = (
				6682AE231DF597F500C20582 /* SK_Yo_ViewController.swift */,
				6682AE291DF5B37100C20582 /* Editar */,
			);
			name = Yo;
			sourceTree = "<group>";
		};
		6682AE261DF5980700C20582 /* TABAR */ = {
			isa = PBXGroup;
			children = (
				6682AE251DF597FA00C20582 /* Yo */,
				6682AE301DF80BA300C20582 /* Captacion */,
			);
			name = TABAR;
			sourceTree = "<group>";
		};
		6682AE291DF5B37100C20582 /* Editar */ = {
			isa = PBXGroup;
			children = (
				6682AE271DF5B36900C20582 /* SK_Yo_Editar_ViewController.swift */,
				6682AE2A1DF5BC8B00C20582 /* SK_Yo_Editar_Ubicacion_ViewController.swift */,
				6682AE2C1DF5BEF800C20582 /* SK_Yo_Editar_SearchLocationTableViewController.swift */,
			);
			name = Editar;
			sourceTree = "<group>";
		};
		6682AE301DF80BA300C20582 /* Captacion */ = {
			isa = PBXGroup;
			children = (
				6682AE2E1DF80B9E00C20582 /* SK_Captacion_ViewController.swift */,
				6682AE331DF80FB500C20582 /* Nuevo Cliente */,
			);
			name = Captacion;
			sourceTree = "<group>";
		};
		6682AE331DF80FB500C20582 /* Nuevo Cliente */ = {
			isa = PBXGroup;
			children = (
				6682AE311DF80F5300C20582 /* SK_Captacion_AddClient_ViewController.swift */,
			);
			name = "Nuevo Cliente";
			sourceTree = "<group>";
		};
		66AA0B351DF18EC200C4F7C2 /* Registro */ = {
			isa = PBXGroup;
			children = (
				66AA0B331DF18D6200C4F7C2 /* SK_Registro_ViewController.swift */,
			);
			name = Registro;
			sourceTree = "<group>";
		};
/* End PBXGroup section */

/* Begin PBXNativeTarget section */
		6628E5231DF07836006C7213 /* Seeker */ = {
			isa = PBXNativeTarget;
			buildConfigurationList = 6628E5361DF07836006C7213 /* Build configuration list for PBXNativeTarget "Seeker" */;
			buildPhases = (
				6628E5201DF07836006C7213 /* Sources */,
				6628E5211DF07836006C7213 /* Frameworks */,
				6628E5221DF07836006C7213 /* Resources */,
			);
			buildRules = (
			);
			dependencies = (
			);
			name = Seeker;
			productName = Seeker;
			productReference = 6628E5241DF07836006C7213 /* Seeker.app */;
			productType = "com.apple.product-type.application";
		};
/* End PBXNativeTarget section */

/* Begin PBXProject section */
		6628E51C1DF07836006C7213 /* Project object */ = {
			isa = PBXProject;
			attributes = {
				LastSwiftUpdateCheck = 0810;
				LastUpgradeCheck = 0810;
				ORGANIZATIONNAME = "Jose Candilejo";
				TargetAttributes = {
					6628E5231DF07836006C7213 = {
						CreatedOnToolsVersion = 8.1;
						DevelopmentTeam = L4F6XX6Q4C;
						ProvisioningStyle = Automatic;
					};
				};
			};
			buildConfigurationList = 6628E51F1DF07836006C7213 /* Build configuration list for PBXProject "Seeker" */;
			compatibilityVersion = "Xcode 3.2";
			developmentRegion = English;
			hasScannedForEncodings = 0;
			knownRegions = (
				en,
				Base,
			);
			mainGroup = 6628E51B1DF07836006C7213;
			productRefGroup = 6628E5251DF07836006C7213 /* Products */;
			projectDirPath = "";
			projectRoot = "";
			targets = (
				6628E5231DF07836006C7213 /* Seeker */,
			);
		};
/* End PBXProject section */

/* Begin PBXResourcesBuildPhase section */
		6628E5221DF07836006C7213 /* Resources */ = {
			isa = PBXResourcesBuildPhase;
			buildActionMask = 2147483647;
			files = (
				6628E5321DF07836006C7213 /* LaunchScreen.storyboard in Resources */,
				6628E52F1DF07836006C7213 /* Assets.xcassets in Resources */,
				6628E52D1DF07836006C7213 /* Main.storyboard in Resources */,
			);
			runOnlyForDeploymentPostprocessing = 0;
		};
/* End PBXResourcesBuildPhase section */

/* Begin PBXSourcesBuildPhase section */
		6628E5201DF07836006C7213 /* Sources */ = {
			isa = PBXSourcesBuildPhase;
			buildActionMask = 2147483647;
			files = (
				6628E5641DF0865F006C7213 /* SK_Utilidades.swift in Sources */,
				6682AE2D1DF5BEF800C20582 /* SK_Yo_Editar_SearchLocationTableViewController.swift in Sources */,
				6682AE281DF5B36900C20582 /* SK_Yo_Editar_ViewController.swift in Sources */,
				6628E53B1DF08047006C7213 /* SK_Acceso_ViewController.swift in Sources */,
				66AA0B341DF18D6200C4F7C2 /* SK_Registro_ViewController.swift in Sources */,
				6682AE2F1DF80B9E00C20582 /* SK_Captacion_ViewController.swift in Sources */,
				6682AE2B1DF5BC8B00C20582 /* SK_Yo_Editar_Ubicacion_ViewController.swift in Sources */,
				6682AE241DF597F500C20582 /* SK_Yo_ViewController.swift in Sources */,
				6682AE321DF80F5300C20582 /* SK_Captacion_AddClient_ViewController.swift in Sources */,
				6628E5281DF07836006C7213 /* AppDelegate.swift in Sources */,
			);
			runOnlyForDeploymentPostprocessing = 0;
		};
/* End PBXSourcesBuildPhase section */

/* Begin PBXVariantGroup section */
		6628E52B1DF07836006C7213 /* Main.storyboard */ = {
			isa = PBXVariantGroup;
			children = (
				6628E52C1DF07836006C7213 /* Base */,
			);
			name = Main.storyboard;
			sourceTree = "<group>";
		};
		6628E5301DF07836006C7213 /* LaunchScreen.storyboard */ = {
			isa = PBXVariantGroup;
			children = (
				6628E5311DF07836006C7213 /* Base */,
			);
			name = LaunchScreen.storyboard;
			sourceTree = "<group>";
		};
/* End PBXVariantGroup section */

/* Begin XCBuildConfiguration section */
		6628E5341DF07836006C7213 /* Debug */ = {
			isa = XCBuildConfiguration;
			buildSettings = {
				ALWAYS_SEARCH_USER_PATHS = NO;
				CLANG_ANALYZER_NONNULL = YES;
				CLANG_CXX_LANGUAGE_STANDARD = "gnu++0x";
				CLANG_CXX_LIBRARY = "libc++";
				CLANG_ENABLE_MODULES = YES;
				CLANG_ENABLE_OBJC_ARC = YES;
				CLANG_WARN_BOOL_CONVERSION = YES;
				CLANG_WARN_CONSTANT_CONVERSION = YES;
				CLANG_WARN_DIRECT_OBJC_ISA_USAGE = YES_ERROR;
				CLANG_WARN_DOCUMENTATION_COMMENTS = YES;
				CLANG_WARN_EMPTY_BODY = YES;
				CLANG_WARN_ENUM_CONVERSION = YES;
				CLANG_WARN_INFINITE_RECURSION = YES;
				CLANG_WARN_INT_CONVERSION = YES;
				CLANG_WARN_OBJC_ROOT_CLASS = YES_ERROR;
				CLANG_WARN_SUSPICIOUS_MOVES = YES;
				CLANG_WARN_UNREACHABLE_CODE = YES;
				CLANG_WARN__DUPLICATE_METHOD_MATCH = YES;
				"CODE_SIGN_IDENTITY[sdk=iphoneos*]" = "iPhone Developer";
				COPY_PHASE_STRIP = NO;
				DEBUG_INFORMATION_FORMAT = dwarf;
				ENABLE_STRICT_OBJC_MSGSEND = YES;
				ENABLE_TESTABILITY = YES;
				GCC_C_LANGUAGE_STANDARD = gnu99;
				GCC_DYNAMIC_NO_PIC = NO;
				GCC_NO_COMMON_BLOCKS = YES;
				GCC_OPTIMIZATION_LEVEL = 0;
				GCC_PREPROCESSOR_DEFINITIONS = (
					"DEBUG=1",
					"$(inherited)",
				);
				GCC_WARN_64_TO_32_BIT_CONVERSION = YES;
				GCC_WARN_ABOUT_RETURN_TYPE = YES_ERROR;
				GCC_WARN_UNDECLARED_SELECTOR = YES;
				GCC_WARN_UNINITIALIZED_AUTOS = YES_AGGRESSIVE;
				GCC_WARN_UNUSED_FUNCTION = YES;
				GCC_WARN_UNUSED_VARIABLE = YES;
				IPHONEOS_DEPLOYMENT_TARGET = 10.1;
				MTL_ENABLE_DEBUG_INFO = YES;
				ONLY_ACTIVE_ARCH = YES;
				SDKROOT = iphoneos;
				SWIFT_ACTIVE_COMPILATION_CONDITIONS = DEBUG;
				SWIFT_OPTIMIZATION_LEVEL = "-Onone";
			};
			name = Debug;
		};
		6628E5351DF07836006C7213 /* Release */ = {
			isa = XCBuildConfiguration;
			buildSettings = {
				ALWAYS_SEARCH_USER_PATHS = NO;
				CLANG_ANALYZER_NONNULL = YES;
				CLANG_CXX_LANGUAGE_STANDARD = "gnu++0x";
				CLANG_CXX_LIBRARY = "libc++";
				CLANG_ENABLE_MODULES = YES;
				CLANG_ENABLE_OBJC_ARC = YES;
				CLANG_WARN_BOOL_CONVERSION = YES;
				CLANG_WARN_CONSTANT_CONVERSION = YES;
				CLANG_WARN_DIRECT_OBJC_ISA_USAGE = YES_ERROR;
				CLANG_WARN_DOCUMENTATION_COMMENTS = YES;
				CLANG_WARN_EMPTY_BODY = YES;
				CLANG_WARN_ENUM_CONVERSION = YES;
				CLANG_WARN_INFINITE_RECURSION = YES;
				CLANG_WARN_INT_CONVERSION = YES;
				CLANG_WARN_OBJC_ROOT_CLASS = YES_ERROR;
				CLANG_WARN_SUSPICIOUS_MOVES = YES;
				CLANG_WARN_UNREACHABLE_CODE = YES;
				CLANG_WARN__DUPLICATE_METHOD_MATCH = YES;
				"CODE_SIGN_IDENTITY[sdk=iphoneos*]" = "iPhone Developer";
				COPY_PHASE_STRIP = NO;
				DEBUG_INFORMATION_FORMAT = "dwarf-with-dsym";
				ENABLE_NS_ASSERTIONS = NO;
				ENABLE_STRICT_OBJC_MSGSEND = YES;
				GCC_C_LANGUAGE_STANDARD = gnu99;
				GCC_NO_COMMON_BLOCKS = YES;
				GCC_WARN_64_TO_32_BIT_CONVERSION = YES;
				GCC_WARN_ABOUT_RETURN_TYPE = YES_ERROR;
				GCC_WARN_UNDECLARED_SELECTOR = YES;
				GCC_WARN_UNINITIALIZED_AUTOS = YES_AGGRESSIVE;
				GCC_WARN_UNUSED_FUNCTION = YES;
				GCC_WARN_UNUSED_VARIABLE = YES;
				IPHONEOS_DEPLOYMENT_TARGET = 10.1;
				MTL_ENABLE_DEBUG_INFO = NO;
				SDKROOT = iphoneos;
				SWIFT_OPTIMIZATION_LEVEL = "-Owholemodule";
				VALIDATE_PRODUCT = YES;
			};
			name = Release;
		};
		6628E5371DF07836006C7213 /* Debug */ = {
			isa = XCBuildConfiguration;
			buildSettings = {
				ASSETCATALOG_COMPILER_APPICON_NAME = AppIcon;
				DEVELOPMENT_TEAM = L4F6XX6Q4C;
				FRAMEWORK_SEARCH_PATHS = (
					"$(inherited)",
					"$(PROJECT_DIR)",
				);
				INFOPLIST_FILE = Seeker/Info.plist;
				LD_RUNPATH_SEARCH_PATHS = "$(inherited) @executable_path/Frameworks";
				PRODUCT_BUNDLE_IDENTIFIER = candilejo.Seeker;
				PRODUCT_NAME = "$(TARGET_NAME)";
				SWIFT_VERSION = 3.0;
			};
			name = Debug;
		};
		6628E5381DF07836006C7213 /* Release */ = {
			isa = XCBuildConfiguration;
			buildSettings = {
				ASSETCATALOG_COMPILER_APPICON_NAME = AppIcon;
				DEVELOPMENT_TEAM = L4F6XX6Q4C;
				FRAMEWORK_SEARCH_PATHS = (
					"$(inherited)",
					"$(PROJECT_DIR)",
				);
				INFOPLIST_FILE = Seeker/Info.plist;
				LD_RUNPATH_SEARCH_PATHS = "$(inherited) @executable_path/Frameworks";
				PRODUCT_BUNDLE_IDENTIFIER = candilejo.Seeker;
				PRODUCT_NAME = "$(TARGET_NAME)";
				SWIFT_VERSION = 3.0;
			};
			name = Release;
		};
/* End XCBuildConfiguration section */

/* Begin XCConfigurationList section */
		6628E51F1DF07836006C7213 /* Build configuration list for PBXProject "Seeker" */ = {
			isa = XCConfigurationList;
			buildConfigurations = (
				6628E5341DF07836006C7213 /* Debug */,
				6628E5351DF07836006C7213 /* Release */,
			);
			defaultConfigurationIsVisible = 0;
			defaultConfigurationName = Release;
		};
		6628E5361DF07836006C7213 /* Build configuration list for PBXNativeTarget "Seeker" */ = {
			isa = XCConfigurationList;
			buildConfigurations = (
				6628E5371DF07836006C7213 /* Debug */,
				6628E5381DF07836006C7213 /* Release */,
			);
			defaultConfigurationIsVisible = 0;
			defaultConfigurationName = Release;
		};
/* End XCConfigurationList section */
	};
	rootObject = 6628E51C1DF07836006C7213 /* Project object */;
}
